
Microsoft Visual Studio Solution File, Format Version 12.00
# Visual Studio 2012
Project("{FAE04EC0-301F-11D3-BF4B-00C04F79EFBC}") = "Illallangi.FileBackedObject", "Illallangi.FileBackedObject\Illallangi.FileBackedObject.csproj", "{B72444AE-5D28-47D5-BB9E-41B055220E32}"
EndProject
Project("{2150E333-8FDC-42A3-9474-1A3956D46DE8}") = "Solution Items", "Solution Items", "{AD21FCFB-13B8-4BAF-AFC2-09924A0B5903}"
	ProjectSection(SolutionItems) = preProject
		..\build.cmd = ..\build.cmd
		..\build.nuspec = ..\build.nuspec
		..\build.proj = ..\build.proj
	EndProjectSection
EndProject
Project("{2150E333-8FDC-42A3-9474-1A3956D46DE8}") = ".nuget", ".nuget", "{FEFCBC24-AA5E-4FDA-BE34-A8E4C4F4B923}"
	ProjectSection(SolutionItems) = preProject
		.nuget\NuGet.Config = .nuget\NuGet.Config
		.nuget\NuGet.exe = .nuget\NuGet.exe
		.nuget\NuGet.targets = .nuget\NuGet.targets
	EndProjectSection
EndProject
Global
	GlobalSection(SolutionConfigurationPlatforms) = preSolution
		Debug|Any CPU = Debug|Any CPU
		Release|Any CPU = Release|Any CPU
	EndGlobalSection
	GlobalSection(ProjectConfigurationPlatforms) = postSolution
		{B72444AE-5D28-47D5-BB9E-41B055220E32}.Debug|Any CPU.ActiveCfg = Debug|Any CPU
		{B72444AE-5D28-47D5-BB9E-41B055220E32}.Debug|Any CPU.Build.0 = Debug|Any CPU
		{B72444AE-5D28-47D5-BB9E-41B055220E32}.Release|Any CPU.ActiveCfg = Release|Any CPU
		{B72444AE-5D28-47D5-BB9E-41B055220E32}.Release|Any CPU.Build.0 = Release|Any CPU
	EndGlobalSection
	GlobalSection(SolutionProperties) = preSolution
		HideSolutionNode = FALSE
	EndGlobalSection
EndGlobal
